
Microsoft Visual Studio Solution File, Format Version 12.00
# Visual Studio Version 17
VisualStudioVersion = 17.5.33627.172
MinimumVisualStudioVersion = 10.0.40219.1
Project("{FAE04EC0-301F-11D3-BF4B-00C04F79EFBC}") = "Code.API", "Code.API.csproj", "{E9D90D97-2BF3-4857-9875-529EB6DADD2F}"
EndProject
Global
	GlobalSection(SolutionConfigurationPlatforms) = preSolution
		Debug|Any CPU = Debug|Any CPU
		Release|Any CPU = Release|Any CPU
	EndGlobalSection
	GlobalSection(ProjectConfigurationPlatforms) = postSolution
		{E9D90D97-2BF3-4857-9875-529EB6DADD2F}.Debug|Any CPU.ActiveCfg = Debug|Any CPU
		{E9D90D97-2BF3-4857-9875-529EB6DADD2F}.Debug|Any CPU.Build.0 = Debug|Any CPU
		{E9D90D97-2BF3-4857-9875-529EB6DADD2F}.Release|Any CPU.ActiveCfg = Release|Any CPU
		{E9D90D97-2BF3-4857-9875-529EB6DADD2F}.Release|Any CPU.Build.0 = Release|Any CPU
	EndGlobalSection
	GlobalSection(SolutionProperties) = preSolution
		HideSolutionNode = FALSE
	EndGlobalSection
	GlobalSection(ExtensibilityGlobals) = postSolution
		SolutionGuid = {8E80D7BC-15C5-4179-8E55-6AC9EFB73D16}
	EndGlobalSection
EndGlobal
